
Microsoft Visual Studio Solution File, Format Version 12.00
# Visual Studio Version 17
VisualStudioVersion = 17.5.33530.505
MinimumVisualStudioVersion = 10.0.40219.1
Project("{9A19103F-16F7-4668-BE54-9A1E7A4F7556}") = "UsersAPI", "UsersAPI\UsersAPI.csproj", "{54082081-E35E-426D-9D11-02B7E31332DB}"
EndProject
Global
	GlobalSection(SolutionConfigurationPlatforms) = preSolution
		Debug|Any CPU = Debug|Any CPU
		Release|Any CPU = Release|Any CPU
	EndGlobalSection
	GlobalSection(ProjectConfigurationPlatforms) = postSolution
		{54082081-E35E-426D-9D11-02B7E31332DB}.Debug|Any CPU.ActiveCfg = Debug|Any CPU
		{54082081-E35E-426D-9D11-02B7E31332DB}.Debug|Any CPU.Build.0 = Debug|Any CPU
		{54082081-E35E-426D-9D11-02B7E31332DB}.Release|Any CPU.ActiveCfg = Release|Any CPU
		{54082081-E35E-426D-9D11-02B7E31332DB}.Release|Any CPU.Build.0 = Release|Any CPU
	EndGlobalSection
	GlobalSection(SolutionProperties) = preSolution
		HideSolutionNode = FALSE
	EndGlobalSection
	GlobalSection(ExtensibilityGlobals) = postSolution
		SolutionGuid = {40B1933B-EF74-4BA3-87B0-11440903B727}
	EndGlobalSection
EndGlobal
